
Microsoft Visual Studio Solution File, Format Version 12.00
# Visual Studio Version 17
VisualStudioVersion = 17.12.35527.113
MinimumVisualStudioVersion = 10.0.40219.1
Project("{FAE04EC0-301F-11D3-BF4B-00C04F79EFBC}") = "smartFactory", "smartFactory\smartFactory.csproj", "{766F7ADE-0D59-4CD7-881B-2AD6D6D724E2}"
EndProject
Global
	GlobalSection(SolutionConfigurationPlatforms) = preSolution
		Debug|Any CPU = Debug|Any CPU
		Release|Any CPU = Release|Any CPU
	EndGlobalSection
	GlobalSection(ProjectConfigurationPlatforms) = postSolution
		{766F7ADE-0D59-4CD7-881B-2AD6D6D724E2}.Debug|Any CPU.ActiveCfg = Debug|Any CPU
		{766F7ADE-0D59-4CD7-881B-2AD6D6D724E2}.Debug|Any CPU.Build.0 = Debug|Any CPU
		{766F7ADE-0D59-4CD7-881B-2AD6D6D724E2}.Release|Any CPU.ActiveCfg = Release|Any CPU
		{766F7ADE-0D59-4CD7-881B-2AD6D6D724E2}.Release|Any CPU.Build.0 = Release|Any CPU
	EndGlobalSection
	GlobalSection(SolutionProperties) = preSolution
		HideSolutionNode = FALSE
	EndGlobalSection
EndGlobal
